
Microsoft Visual Studio Solution File, Format Version 12.00
# Visual Studio Version 17
VisualStudioVersion = 17.9.34723.18
MinimumVisualStudioVersion = 10.0.40219.1
Project("{FAE04EC0-301F-11D3-BF4B-00C04F79EFBC}") = "BlogAPI.Web", "BlogAPI.Web\BlogAPI.Web.csproj", "{323A862E-202F-4FEE-9891-CE3A4226C575}"
EndProject
Project("{FAE04EC0-301F-11D3-BF4B-00C04F79EFBC}") = "BlogAPI.Application", "BlogAPI.Application\BlogAPI.Application.csproj", "{9F8BD957-8B97-4CF3-B93A-291B82A115B3}"
EndProject
Project("{FAE04EC0-301F-11D3-BF4B-00C04F79EFBC}") = "BlogAPI.Domain", "BlogAPI.Domain\BlogAPI.Domain.csproj", "{C494E8DA-7832-4CD5-BA7C-B7FC565EF95E}"
EndProject
Project("{FAE04EC0-301F-11D3-BF4B-00C04F79EFBC}") = "BlogAPI.Infrastructure", "BlogAPI.Infrastructure\BlogAPI.Infrastructure.csproj", "{F511215A-7DC2-44AB-BE66-A237E189394C}"
EndProject
Global
	GlobalSection(SolutionConfigurationPlatforms) = preSolution
		Debug|Any CPU = Debug|Any CPU
		Release|Any CPU = Release|Any CPU
	EndGlobalSection
	GlobalSection(ProjectConfigurationPlatforms) = postSolution
		{323A862E-202F-4FEE-9891-CE3A4226C575}.Debug|Any CPU.ActiveCfg = Debug|Any CPU
		{323A862E-202F-4FEE-9891-CE3A4226C575}.Debug|Any CPU.Build.0 = Debug|Any CPU
		{323A862E-202F-4FEE-9891-CE3A4226C575}.Release|Any CPU.ActiveCfg = Release|Any CPU
		{323A862E-202F-4FEE-9891-CE3A4226C575}.Release|Any CPU.Build.0 = Release|Any CPU
		{9F8BD957-8B97-4CF3-B93A-291B82A115B3}.Debug|Any CPU.ActiveCfg = Debug|Any CPU
		{9F8BD957-8B97-4CF3-B93A-291B82A115B3}.Debug|Any CPU.Build.0 = Debug|Any CPU
		{9F8BD957-8B97-4CF3-B93A-291B82A115B3}.Release|Any CPU.ActiveCfg = Release|Any CPU
		{9F8BD957-8B97-4CF3-B93A-291B82A115B3}.Release|Any CPU.Build.0 = Release|Any CPU
		{C494E8DA-7832-4CD5-BA7C-B7FC565EF95E}.Debug|Any CPU.ActiveCfg = Debug|Any CPU
		{C494E8DA-7832-4CD5-BA7C-B7FC565EF95E}.Debug|Any CPU.Build.0 = Debug|Any CPU
		{C494E8DA-7832-4CD5-BA7C-B7FC565EF95E}.Release|Any CPU.ActiveCfg = Release|Any CPU
		{C494E8DA-7832-4CD5-BA7C-B7FC565EF95E}.Release|Any CPU.Build.0 = Release|Any CPU
		{F511215A-7DC2-44AB-BE66-A237E189394C}.Debug|Any CPU.ActiveCfg = Debug|Any CPU
		{F511215A-7DC2-44AB-BE66-A237E189394C}.Debug|Any CPU.Build.0 = Debug|Any CPU
		{F511215A-7DC2-44AB-BE66-A237E189394C}.Release|Any CPU.ActiveCfg = Release|Any CPU
		{F511215A-7DC2-44AB-BE66-A237E189394C}.Release|Any CPU.Build.0 = Release|Any CPU
	EndGlobalSection
	GlobalSection(SolutionProperties) = preSolution
		HideSolutionNode = FALSE
	EndGlobalSection
	GlobalSection(ExtensibilityGlobals) = postSolution
		SolutionGuid = {BFE96B7D-6F36-444F-93EC-05B9B4EE18AD}
	EndGlobalSection
EndGlobal
